
Microsoft Visual Studio Solution File, Format Version 12.00
# Visual Studio Version 16
VisualStudioVersion = 16.0.29102.190
MinimumVisualStudioVersion = 10.0.40219.1
Project("{FAE04EC0-301F-11D3-BF4B-00C04F79EFBC}") = "SimpleDataGenerator", "SimpleDataGenerator\SimpleDataGenerator.csproj", "{BAFF9BAD-451F-41B8-9EF1-0C60F7D6430C}"
EndProject
Project("{FAE04EC0-301F-11D3-BF4B-00C04F79EFBC}") = "SimpleDataGeneratorTests", "SimpleDataGeneratorTests\SimpleDataGeneratorTests.csproj", "{49C84D8A-1264-4A9B-92A2-94464C4DEFF9}"
EndProject
Global
	GlobalSection(SolutionConfigurationPlatforms) = preSolution
		Debug|Any CPU = Debug|Any CPU
		Release|Any CPU = Release|Any CPU
	EndGlobalSection
	GlobalSection(ProjectConfigurationPlatforms) = postSolution
		{BAFF9BAD-451F-41B8-9EF1-0C60F7D6430C}.Debug|Any CPU.ActiveCfg = Debug|Any CPU
		{BAFF9BAD-451F-41B8-9EF1-0C60F7D6430C}.Debug|Any CPU.Build.0 = Debug|Any CPU
		{BAFF9BAD-451F-41B8-9EF1-0C60F7D6430C}.Release|Any CPU.ActiveCfg = Release|Any CPU
		{BAFF9BAD-451F-41B8-9EF1-0C60F7D6430C}.Release|Any CPU.Build.0 = Release|Any CPU
		{49C84D8A-1264-4A9B-92A2-94464C4DEFF9}.Debug|Any CPU.ActiveCfg = Debug|Any CPU
		{49C84D8A-1264-4A9B-92A2-94464C4DEFF9}.Debug|Any CPU.Build.0 = Debug|Any CPU
		{49C84D8A-1264-4A9B-92A2-94464C4DEFF9}.Release|Any CPU.ActiveCfg = Release|Any CPU
		{49C84D8A-1264-4A9B-92A2-94464C4DEFF9}.Release|Any CPU.Build.0 = Release|Any CPU
	EndGlobalSection
	GlobalSection(SolutionProperties) = preSolution
		HideSolutionNode = FALSE
	EndGlobalSection
	GlobalSection(ExtensibilityGlobals) = postSolution
		SolutionGuid = {5B768E39-7633-4198-9D34-583CE5B360C5}
	EndGlobalSection
EndGlobal
